
Microsoft Visual Studio Solution File, Format Version 12.00
# Visual Studio Version 16
VisualStudioVersion = 16.0.30517.126
MinimumVisualStudioVersion = 10.0.40219.1
Project("{9A19103F-16F7-4668-BE54-9A1E7A4F7556}") = "Mvx.Core", "Mvx.Core\Mvx.Core.csproj", "{EA68D099-566F-4CB5-93D6-22914EB396B0}"
EndProject
Project("{FAE04EC0-301F-11D3-BF4B-00C04F79EFBC}") = "Mvx.UWP", "Mvx.UWP\Mvx.UWP.csproj", "{4DBDAACE-1BDF-4CF4-940E-6D87D20095D2}"
EndProject
Project("{9A19103F-16F7-4668-BE54-9A1E7A4F7556}") = "Playground.Core", "Playground.Core\Playground.Core.csproj", "{4368FF05-A402-462B-B812-EAA5B74D0026}"
EndProject
Project("{FAE04EC0-301F-11D3-BF4B-00C04F79EFBC}") = "Playground.Uwp", "Playground.Uwp\Playground.Uwp.csproj", "{AE22A4A5-8014-4A51-A237-4029D42F990F}"
EndProject
Project("{FAE04EC0-301F-11D3-BF4B-00C04F79EFBC}") = "Mvx.WPF", "Mvx.WPF\Mvx.WPF.csproj", "{F2AA694E-EB63-4A3F-943D-491690077BDD}"
EndProject
Global
	GlobalSection(SolutionConfigurationPlatforms) = preSolution
		Debug|Any CPU = Debug|Any CPU
		Debug|ARM = Debug|ARM
		Debug|ARM64 = Debug|ARM64
		Debug|x64 = Debug|x64
		Debug|x86 = Debug|x86
		Release|Any CPU = Release|Any CPU
		Release|ARM = Release|ARM
		Release|ARM64 = Release|ARM64
		Release|x64 = Release|x64
		Release|x86 = Release|x86
	EndGlobalSection
	GlobalSection(ProjectConfigurationPlatforms) = postSolution
		{EA68D099-566F-4CB5-93D6-22914EB396B0}.Debug|Any CPU.ActiveCfg = Debug|Any CPU
		{EA68D099-566F-4CB5-93D6-22914EB396B0}.Debug|Any CPU.Build.0 = Debug|Any CPU
		{EA68D099-566F-4CB5-93D6-22914EB396B0}.Debug|ARM.ActiveCfg = Debug|Any CPU
		{EA68D099-566F-4CB5-93D6-22914EB396B0}.Debug|ARM.Build.0 = Debug|Any CPU
		{EA68D099-566F-4CB5-93D6-22914EB396B0}.Debug|ARM64.ActiveCfg = Debug|Any CPU
		{EA68D099-566F-4CB5-93D6-22914EB396B0}.Debug|ARM64.Build.0 = Debug|Any CPU
		{EA68D099-566F-4CB5-93D6-22914EB396B0}.Debug|x64.ActiveCfg = Debug|Any CPU
		{EA68D099-566F-4CB5-93D6-22914EB396B0}.Debug|x64.Build.0 = Debug|Any CPU
		{EA68D099-566F-4CB5-93D6-22914EB396B0}.Debug|x86.ActiveCfg = Debug|Any CPU
		{EA68D099-566F-4CB5-93D6-22914EB396B0}.Debug|x86.Build.0 = Debug|Any CPU
		{EA68D099-566F-4CB5-93D6-22914EB396B0}.Release|Any CPU.ActiveCfg = Release|Any CPU
		{EA68D099-566F-4CB5-93D6-22914EB396B0}.Release|Any CPU.Build.0 = Release|Any CPU
		{EA68D099-566F-4CB5-93D6-22914EB396B0}.Release|ARM.ActiveCfg = Release|Any CPU
		{EA68D099-566F-4CB5-93D6-22914EB396B0}.Release|ARM.Build.0 = Release|Any CPU
		{EA68D099-566F-4CB5-93D6-22914EB396B0}.Release|ARM64.ActiveCfg = Release|Any CPU
		{EA68D099-566F-4CB5-93D6-22914EB396B0}.Release|ARM64.Build.0 = Release|Any CPU
		{EA68D099-566F-4CB5-93D6-22914EB396B0}.Release|x64.ActiveCfg = Release|Any CPU
		{EA68D099-566F-4CB5-93D6-22914EB396B0}.Release|x64.Build.0 = Release|Any CPU
		{EA68D099-566F-4CB5-93D6-22914EB396B0}.Release|x86.ActiveCfg = Release|Any CPU
		{EA68D099-566F-4CB5-93D6-22914EB396B0}.Release|x86.Build.0 = Release|Any CPU
		{4DBDAACE-1BDF-4CF4-940E-6D87D20095D2}.Debug|Any CPU.ActiveCfg = Debug|x86
		{4DBDAACE-1BDF-4CF4-940E-6D87D20095D2}.Debug|ARM.ActiveCfg = Debug|ARM
		{4DBDAACE-1BDF-4CF4-940E-6D87D20095D2}.Debug|ARM.Build.0 = Debug|ARM
		{4DBDAACE-1BDF-4CF4-940E-6D87D20095D2}.Debug|ARM.Deploy.0 = Debug|ARM
		{4DBDAACE-1BDF-4CF4-940E-6D87D20095D2}.Debug|ARM64.ActiveCfg = Debug|ARM64
		{4DBDAACE-1BDF-4CF4-940E-6D87D20095D2}.Debug|ARM64.Build.0 = Debug|ARM64
		{4DBDAACE-1BDF-4CF4-940E-6D87D20095D2}.Debug|ARM64.Deploy.0 = Debug|ARM64
		{4DBDAACE-1BDF-4CF4-940E-6D87D20095D2}.Debug|x64.ActiveCfg = Debug|x64
		{4DBDAACE-1BDF-4CF4-940E-6D87D20095D2}.Debug|x64.Build.0 = Debug|x64
		{4DBDAACE-1BDF-4CF4-940E-6D87D20095D2}.Debug|x64.Deploy.0 = Debug|x64
		{4DBDAACE-1BDF-4CF4-940E-6D87D20095D2}.Debug|x86.ActiveCfg = Debug|x86
		{4DBDAACE-1BDF-4CF4-940E-6D87D20095D2}.Debug|x86.Build.0 = Debug|x86
		{4DBDAACE-1BDF-4CF4-940E-6D87D20095D2}.Debug|x86.Deploy.0 = Debug|x86
		{4DBDAACE-1BDF-4CF4-940E-6D87D20095D2}.Release|Any CPU.ActiveCfg = Release|x86
		{4DBDAACE-1BDF-4CF4-940E-6D87D20095D2}.Release|ARM.ActiveCfg = Release|ARM
		{4DBDAACE-1BDF-4CF4-940E-6D87D20095D2}.Release|ARM.Build.0 = Release|ARM
		{4DBDAACE-1BDF-4CF4-940E-6D87D20095D2}.Release|ARM.Deploy.0 = Release|ARM
		{4DBDAACE-1BDF-4CF4-940E-6D87D20095D2}.Release|ARM64.ActiveCfg = Release|ARM64
		{4DBDAACE-1BDF-4CF4-940E-6D87D20095D2}.Release|ARM64.Build.0 = Release|ARM64
		{4DBDAACE-1BDF-4CF4-940E-6D87D20095D2}.Release|ARM64.Deploy.0 = Release|ARM64
		{4DBDAACE-1BDF-4CF4-940E-6D87D20095D2}.Release|x64.ActiveCfg = Release|x64
		{4DBDAACE-1BDF-4CF4-940E-6D87D20095D2}.Release|x64.Build.0 = Release|x64
		{4DBDAACE-1BDF-4CF4-940E-6D87D20095D2}.Release|x64.Deploy.0 = Release|x64
		{4DBDAACE-1BDF-4CF4-940E-6D87D20095D2}.Release|x86.ActiveCfg = Release|x86
		{4DBDAACE-1BDF-4CF4-940E-6D87D20095D2}.Release|x86.Build.0 = Release|x86
		{4DBDAACE-1BDF-4CF4-940E-6D87D20095D2}.Release|x86.Deploy.0 = Release|x86
		{4368FF05-A402-462B-B812-EAA5B74D0026}.Debug|Any CPU.ActiveCfg = Debug|Any CPU
		{4368FF05-A402-462B-B812-EAA5B74D0026}.Debug|Any CPU.Build.0 = Debug|Any CPU
		{4368FF05-A402-462B-B812-EAA5B74D0026}.Debug|ARM.ActiveCfg = Debug|Any CPU
		{4368FF05-A402-462B-B812-EAA5B74D0026}.Debug|ARM.Build.0 = Debug|Any CPU
		{4368FF05-A402-462B-B812-EAA5B74D0026}.Debug|ARM64.ActiveCfg = Debug|Any CPU
		{4368FF05-A402-462B-B812-EAA5B74D0026}.Debug|ARM64.Build.0 = Debug|Any CPU
		{4368FF05-A402-462B-B812-EAA5B74D0026}.Debug|x64.ActiveCfg = Debug|Any CPU
		{4368FF05-A402-462B-B812-EAA5B74D0026}.Debug|x64.Build.0 = Debug|Any CPU
		{4368FF05-A402-462B-B812-EAA5B74D0026}.Debug|x86.ActiveCfg = Debug|Any CPU
		{4368FF05-A402-462B-B812-EAA5B74D0026}.Debug|x86.Build.0 = Debug|Any CPU
		{4368FF05-A402-462B-B812-EAA5B74D0026}.Release|Any CPU.ActiveCfg = Release|Any CPU
		{4368FF05-A402-462B-B812-EAA5B74D0026}.Release|Any CPU.Build.0 = Release|Any CPU
		{4368FF05-A402-462B-B812-EAA5B74D0026}.Release|ARM.ActiveCfg = Release|Any CPU
		{4368FF05-A402-462B-B812-EAA5B74D0026}.Release|ARM.Build.0 = Release|Any CPU
		{4368FF05-A402-462B-B812-EAA5B74D0026}.Release|ARM64.ActiveCfg = Release|Any CPU
		{4368FF05-A402-462B-B812-EAA5B74D0026}.Release|ARM64.Build.0 = Release|Any CPU
		{4368FF05-A402-462B-B812-EAA5B74D0026}.Release|x64.ActiveCfg = Release|Any CPU
		{4368FF05-A402-462B-B812-EAA5B74D0026}.Release|x64.Build.0 = Release|Any CPU
		{4368FF05-A402-462B-B812-EAA5B74D0026}.Release|x86.ActiveCfg = Release|Any CPU
		{4368FF05-A402-462B-B812-EAA5B74D0026}.Release|x86.Build.0 = Release|Any CPU
		{AE22A4A5-8014-4A51-A237-4029D42F990F}.Debug|Any CPU.ActiveCfg = Debug|x86
		{AE22A4A5-8014-4A51-A237-4029D42F990F}.Debug|ARM.ActiveCfg = Debug|ARM
		{AE22A4A5-8014-4A51-A237-4029D42F990F}.Debug|ARM.Build.0 = Debug|ARM
		{AE22A4A5-8014-4A51-A237-4029D42F990F}.Debug|ARM.Deploy.0 = Debug|ARM
		{AE22A4A5-8014-4A51-A237-4029D42F990F}.Debug|ARM64.ActiveCfg = Debug|x86
		{AE22A4A5-8014-4A51-A237-4029D42F990F}.Debug|x64.ActiveCfg = Debug|x64
		{AE22A4A5-8014-4A51-A237-4029D42F990F}.Debug|x64.Build.0 = Debug|x64
		{AE22A4A5-8014-4A51-A237-4029D42F990F}.Debug|x64.Deploy.0 = Debug|x64
		{AE22A4A5-8014-4A51-A237-4029D42F990F}.Debug|x86.ActiveCfg = Debug|x86
		{AE22A4A5-8014-4A51-A237-4029D42F990F}.Debug|x86.Build.0 = Debug|x86
		{AE22A4A5-8014-4A51-A237-4029D42F990F}.Debug|x86.Deploy.0 = Debug|x86
		{AE22A4A5-8014-4A51-A237-4029D42F990F}.Release|Any CPU.ActiveCfg = Release|x86
		{AE22A4A5-8014-4A51-A237-4029D42F990F}.Release|ARM.ActiveCfg = Release|ARM
		{AE22A4A5-8014-4A51-A237-4029D42F990F}.Release|ARM.Build.0 = Release|ARM
		{AE22A4A5-8014-4A51-A237-4029D42F990F}.Release|ARM.Deploy.0 = Release|ARM
		{AE22A4A5-8014-4A51-A237-4029D42F990F}.Release|ARM64.ActiveCfg = Release|x86
		{AE22A4A5-8014-4A51-A237-4029D42F990F}.Release|x64.ActiveCfg = Release|x64
		{AE22A4A5-8014-4A51-A237-4029D42F990F}.Release|x64.Build.0 = Release|x64
		{AE22A4A5-8014-4A51-A237-4029D42F990F}.Release|x64.Deploy.0 = Release|x64
		{AE22A4A5-8014-4A51-A237-4029D42F990F}.Release|x86.ActiveCfg = Release|x86
		{AE22A4A5-8014-4A51-A237-4029D42F990F}.Release|x86.Build.0 = Release|x86
		{AE22A4A5-8014-4A51-A237-4029D42F990F}.Release|x86.Deploy.0 = Release|x86
		{F2AA694E-EB63-4A3F-943D-491690077BDD}.Debug|Any CPU.ActiveCfg = Debug|Any CPU
		{F2AA694E-EB63-4A3F-943D-491690077BDD}.Debug|Any CPU.Build.0 = Debug|Any CPU
		{F2AA694E-EB63-4A3F-943D-491690077BDD}.Debug|ARM.ActiveCfg = Debug|Any CPU
		{F2AA694E-EB63-4A3F-943D-491690077BDD}.Debug|ARM.Build.0 = Debug|Any CPU
		{F2AA694E-EB63-4A3F-943D-491690077BDD}.Debug|ARM64.ActiveCfg = Debug|Any CPU
		{F2AA694E-EB63-4A3F-943D-491690077BDD}.Debug|ARM64.Build.0 = Debug|Any CPU
		{F2AA694E-EB63-4A3F-943D-491690077BDD}.Debug|x64.ActiveCfg = Debug|Any CPU
		{F2AA694E-EB63-4A3F-943D-491690077BDD}.Debug|x64.Build.0 = Debug|Any CPU
		{F2AA694E-EB63-4A3F-943D-491690077BDD}.Debug|x86.ActiveCfg = Debug|Any CPU
		{F2AA694E-EB63-4A3F-943D-491690077BDD}.Debug|x86.Build.0 = Debug|Any CPU
		{F2AA694E-EB63-4A3F-943D-491690077BDD}.Release|Any CPU.ActiveCfg = Release|Any CPU
		{F2AA694E-EB63-4A3F-943D-491690077BDD}.Release|Any CPU.Build.0 = Release|Any CPU
		{F2AA694E-EB63-4A3F-943D-491690077BDD}.Release|ARM.ActiveCfg = Release|Any CPU
		{F2AA694E-EB63-4A3F-943D-491690077BDD}.Release|ARM.Build.0 = Release|Any CPU
		{F2AA694E-EB63-4A3F-943D-491690077BDD}.Release|ARM64.ActiveCfg = Release|Any CPU
		{F2AA694E-EB63-4A3F-943D-491690077BDD}.Release|ARM64.Build.0 = Release|Any CPU
		{F2AA694E-EB63-4A3F-943D-491690077BDD}.Release|x64.ActiveCfg = Release|Any CPU
		{F2AA694E-EB63-4A3F-943D-491690077BDD}.Release|x64.Build.0 = Release|Any CPU
		{F2AA694E-EB63-4A3F-943D-491690077BDD}.Release|x86.ActiveCfg = Release|Any CPU
		{F2AA694E-EB63-4A3F-943D-491690077BDD}.Release|x86.Build.0 = Release|Any CPU
	EndGlobalSection
	GlobalSection(SolutionProperties) = preSolution
		HideSolutionNode = FALSE
	EndGlobalSection
	GlobalSection(ExtensibilityGlobals) = postSolution
		SolutionGuid = {884295D9-976C-4A83-8BE3-04201EB0A185}
	EndGlobalSection
EndGlobal
